// !$*UTF8*$!
{
	archiveVersion = 1;
	classes = {
	};
	objectVersion = 50;
	objects = {

/* Begin PBXBuildFile section */
		D788AA0B2157506D00F57932 /* AppDelegate.swift in Sources */ = {isa = PBXBuildFile; fileRef = D788AA0A2157506D00F57932 /* AppDelegate.swift */; };
		D788AA102157506D00F57932 /* Main.storyboard in Resources */ = {isa = PBXBuildFile; fileRef = D788AA0E2157506D00F57932 /* Main.storyboard */; };
		D788AA122157506E00F57932 /* Assets.xcassets in Resources */ = {isa = PBXBuildFile; fileRef = D788AA112157506E00F57932 /* Assets.xcassets */; };
		D788AA152157506E00F57932 /* LaunchScreen.storyboard in Resources */ = {isa = PBXBuildFile; fileRef = D788AA132157506E00F57932 /* LaunchScreen.storyboard */; };
		D788AA1D2157509A00F57932 /* ListTableViewController.swift in Sources */ = {isa = PBXBuildFile; fileRef = D788AA1C2157509A00F57932 /* ListTableViewController.swift */; };
		D788AA1F215750B500F57932 /* Entry.swift in Sources */ = {isa = PBXBuildFile; fileRef = D788AA1E215750B500F57932 /* Entry.swift */; };
		D788AA21215750BE00F57932 /* EntryController.swift in Sources */ = {isa = PBXBuildFile; fileRef = D788AA20215750BE00F57932 /* EntryController.swift */; };
		D788AA24215755CD00F57932 /* CloudKitManager.swift in Sources */ = {isa = PBXBuildFile; fileRef = D788AA23215755CD00F57932 /* CloudKitManager.swift */; };
		D788AA262157561300F57932 /* EntryDetailViewController.swift in Sources */ = {isa = PBXBuildFile; fileRef = D788AA252157561300F57932 /* EntryDetailViewController.swift */; };
		D788AA282157630A00F57932 /* UIView+Anchors.swift in Sources */ = {isa = PBXBuildFile; fileRef = D788AA272157630A00F57932 /* UIView+Anchors.swift */; };
		D788AA2B2157646A00F57932 /* CloudKit.framework in Frameworks */ = {isa = PBXBuildFile; fileRef = D788AA2A2157646A00F57932 /* CloudKit.framework */; };
/* End PBXBuildFile section */

/* Begin PBXFileReference section */
		D788AA072157506D00F57932 /* JournalCloudKit2.app */ = {isa = PBXFileReference; explicitFileType = wrapper.application; includeInIndex = 0; path = JournalCloudKit2.app; sourceTree = BUILT_PRODUCTS_DIR; };
		D788AA0A2157506D00F57932 /* AppDelegate.swift */ = {isa = PBXFileReference; lastKnownFileType = sourcecode.swift; path = AppDelegate.swift; sourceTree = "<group>"; };
		D788AA0F2157506D00F57932 /* Base */ = {isa = PBXFileReference; lastKnownFileType = file.storyboard; name = Base; path = Base.lproj/Main.storyboard; sourceTree = "<group>"; };
		D788AA112157506E00F57932 /* Assets.xcassets */ = {isa = PBXFileReference; lastKnownFileType = folder.assetcatalog; path = Assets.xcassets; sourceTree = "<group>"; };
		D788AA142157506E00F57932 /* Base */ = {isa = PBXFileReference; lastKnownFileType = file.storyboard; name = Base; path = Base.lproj/LaunchScreen.storyboard; sourceTree = "<group>"; };
		D788AA162157506E00F57932 /* Info.plist */ = {isa = PBXFileReference; lastKnownFileType = text.plist.xml; path = Info.plist; sourceTree = "<group>"; };
		D788AA1C2157509A00F57932 /* ListTableViewController.swift */ = {isa = PBXFileReference; lastKnownFileType = sourcecode.swift; path = ListTableViewController.swift; sourceTree = "<group>"; };
		D788AA1E215750B500F57932 /* Entry.swift */ = {isa = PBXFileReference; lastKnownFileType = sourcecode.swift; path = Entry.swift; sourceTree = "<group>"; };
		D788AA20215750BE00F57932 /* EntryController.swift */ = {isa = PBXFileReference; lastKnownFileType = sourcecode.swift; path = EntryController.swift; sourceTree = "<group>"; };
		D788AA22215750C600F57932 /* JournalCloudKit2.entitlements */ = {isa = PBXFileReference; lastKnownFileType = text.plist.entitlements; path = JournalCloudKit2.entitlements; sourceTree = "<group>"; };
		D788AA23215755CD00F57932 /* CloudKitManager.swift */ = {isa = PBXFileReference; lastKnownFileType = sourcecode.swift; path = CloudKitManager.swift; sourceTree = "<group>"; };
		D788AA252157561300F57932 /* EntryDetailViewController.swift */ = {isa = PBXFileReference; lastKnownFileType = sourcecode.swift; path = EntryDetailViewController.swift; sourceTree = "<group>"; };
		D788AA272157630A00F57932 /* UIView+Anchors.swift */ = {isa = PBXFileReference; fileEncoding = 4; lastKnownFileType = sourcecode.swift; path = "UIView+Anchors.swift"; sourceTree = "<group>"; };
		D788AA2A2157646A00F57932 /* CloudKit.framework */ = {isa = PBXFileReference; lastKnownFileType = wrapper.framework; name = CloudKit.framework; path = System/Library/Frameworks/CloudKit.framework; sourceTree = SDKROOT; };
/* End PBXFileReference section */

/* Begin PBXFrameworksBuildPhase section */
		D788AA042157506D00F57932 /* Frameworks */ = {
			isa = PBXFrameworksBuildPhase;
			buildActionMask = 2147483647;
			files = (
				D788AA2B2157646A00F57932 /* CloudKit.framework in Frameworks */,
			);
			runOnlyForDeploymentPostprocessing = 0;
		};
/* End PBXFrameworksBuildPhase section */

/* Begin PBXGroup section */
		D788A9FE2157506D00F57932 = {
			isa = PBXGroup;
			children = (
				D788AA092157506D00F57932 /* JournalCloudKit2 */,
				D788AA082157506D00F57932 /* Products */,
				D788AA292157646A00F57932 /* Frameworks */,
			);
			sourceTree = "<group>";
		};
		D788AA082157506D00F57932 /* Products */ = {
			isa = PBXGroup;
			children = (
				D788AA072157506D00F57932 /* JournalCloudKit2.app */,
			);
			name = Products;
			sourceTree = "<group>";
		};
		D788AA092157506D00F57932 /* JournalCloudKit2 */ = {
			isa = PBXGroup;
			children = (
				D788AA22215750C600F57932 /* JournalCloudKit2.entitlements */,
				D788AA0A2157506D00F57932 /* AppDelegate.swift */,
				D788AA1E215750B500F57932 /* Entry.swift */,
				D788AA20215750BE00F57932 /* EntryController.swift */,
				D788AA1C2157509A00F57932 /* ListTableViewController.swift */,
				D788AA252157561300F57932 /* EntryDetailViewController.swift */,
				D788AA23215755CD00F57932 /* CloudKitManager.swift */,
				D788AA272157630A00F57932 /* UIView+Anchors.swift */,
				D788AA0E2157506D00F57932 /* Main.storyboard */,
				D788AA112157506E00F57932 /* Assets.xcassets */,
				D788AA132157506E00F57932 /* LaunchScreen.storyboard */,
				D788AA162157506E00F57932 /* Info.plist */,
			);
			path = JournalCloudKit2;
			sourceTree = "<group>";
		};
		D788AA292157646A00F57932 /* Frameworks */ = {
			isa = PBXGroup;
			children = (
				D788AA2A2157646A00F57932 /* CloudKit.framework */,
			);
			name = Frameworks;
			sourceTree = "<group>";
		};
/* End PBXGroup section */

/* Begin PBXNativeTarget section */
		D788AA062157506D00F57932 /* JournalCloudKit2 */ = {
			isa = PBXNativeTarget;
			buildConfigurationList = D788AA192157506E00F57932 /* Build configuration list for PBXNativeTarget "JournalCloudKit2" */;
			buildPhases = (
				D788AA032157506D00F57932 /* Sources */,
				D788AA042157506D00F57932 /* Frameworks */,
				D788AA052157506D00F57932 /* Resources */,
			);
			buildRules = (
			);
			dependencies = (
			);
			name = JournalCloudKit2;
			productName = JournalCloudKit2;
			productReference = D788AA072157506D00F57932 /* JournalCloudKit2.app */;
			productType = "com.apple.product-type.application";
		};
/* End PBXNativeTarget section */

/* Begin PBXProject section */
		D788A9FF2157506D00F57932 /* Project object */ = {
			isa = PBXProject;
			attributes = {
				LastSwiftUpdateCheck = 0940;
				LastUpgradeCheck = 0940;
				ORGANIZATIONNAME = "Jason Goodney";
				TargetAttributes = {
					D788AA062157506D00F57932 = {
						CreatedOnToolsVersion = 9.4.1;
						SystemCapabilities = {
							com.apple.Push = {
								enabled = 1;
							};
							com.apple.iCloud = {
								enabled = 1;
							};
						};
					};
				};
			};
			buildConfigurationList = D788AA022157506D00F57932 /* Build configuration list for PBXProject "JournalCloudKit2" */;
			compatibilityVersion = "Xcode 9.3";
			developmentRegion = en;
			hasScannedForEncodings = 0;
			knownRegions = (
				en,
				Base,
			);
			mainGroup = D788A9FE2157506D00F57932;
			productRefGroup = D788AA082157506D00F57932 /* Products */;
			projectDirPath = "";
			projectRoot = "";
			targets = (
				D788AA062157506D00F57932 /* JournalCloudKit2 */,
			);
		};
/* End PBXProject section */

/* Begin PBXResourcesBuildPhase section */
		D788AA052157506D00F57932 /* Resources */ = {
			isa = PBXResourcesBuildPhase;
			buildActionMask = 2147483647;
			files = (
				D788AA152157506E00F57932 /* LaunchScreen.storyboard in Resources */,
				D788AA122157506E00F57932 /* Assets.xcassets in Resources */,
				D788AA102157506D00F57932 /* Main.storyboard in Resources */,
			);
			runOnlyForDeploymentPostprocessing = 0;
		};
/* End PBXResourcesBuildPhase section */

/* Begin PBXSourcesBuildPhase section */
		D788AA032157506D00F57932 /* Sources */ = {
			isa = PBXSourcesBuildPhase;
			buildActionMask = 2147483647;
			files = (
				D788AA1F215750B500F57932 /* Entry.swift in Sources */,
				D788AA0B2157506D00F57932 /* AppDelegate.swift in Sources */,
				D788AA21215750BE00F57932 /* EntryController.swift in Sources */,
				D788AA1D2157509A00F57932 /* ListTableViewController.swift in Sources */,
				D788AA262157561300F57932 /* EntryDetailViewController.swift in Sources */,
				D788AA24215755CD00F57932 /* CloudKitManager.swift in Sources */,
				D788AA282157630A00F57932 /* UIView+Anchors.swift in Sources */,
			);
			runOnlyForDeploymentPostprocessing = 0;
		};
/* End PBXSourcesBuildPhase section */

/* Begin PBXVariantGroup section */
		D788AA0E2157506D00F57932 /* Main.storyboard */ = {
			isa = PBXVariantGroup;
			children = (
				D788AA0F2157506D00F57932 /* Base */,
			);
			name = Main.storyboard;
			sourceTree = "<group>";
		};
		D788AA132157506E00F57932 /* LaunchScreen.storyboard */ = {
			isa = PBXVariantGroup;
			children = (
				D788AA142157506E00F57932 /* Base */,
			);
			name = LaunchScreen.storyboard;
			sourceTree = "<group>";
		};
/* End PBXVariantGroup section */

/* Begin XCBuildConfiguration section */
		D788AA172157506E00F57932 /* Debug */ = {
			isa = XCBuildConfiguration;
			buildSettings = {
				ALWAYS_SEARCH_USER_PATHS = NO;
				CLANG_ANALYZER_NONNULL = YES;
				CLANG_ANALYZER_NUMBER_OBJECT_CONVERSION = YES_AGGRESSIVE;
				CLANG_CXX_LANGUAGE_STANDARD = "gnu++14";
				CLANG_CXX_LIBRARY = "libc++";
				CLANG_ENABLE_MODULES = YES;
				CLANG_ENABLE_OBJC_ARC = YES;
				CLANG_ENABLE_OBJC_WEAK = YES;
				CLANG_WARN_BLOCK_CAPTURE_AUTORELEASING = YES;
				CLANG_WARN_BOOL_CONVERSION = YES;
				CLANG_WARN_COMMA = YES;
				CLANG_WARN_CONSTANT_CONVERSION = YES;
				CLANG_WARN_DEPRECATED_OBJC_IMPLEMENTATIONS = YES;
				CLANG_WARN_DIRECT_OBJC_ISA_USAGE = YES_ERROR;
				CLANG_WARN_DOCUMENTATION_COMMENTS = YES;
				CLANG_WARN_EMPTY_BODY = YES;
				CLANG_WARN_ENUM_CONVERSION = YES;
				CLANG_WARN_INFINITE_RECURSION = YES;
				CLANG_WARN_INT_CONVERSION = YES;
				CLANG_WARN_NON_LITERAL_NULL_CONVERSION = YES;
				CLANG_WARN_OBJC_IMPLICIT_RETAIN_SELF = YES;
				CLANG_WARN_OBJC_LITERAL_CONVERSION = YES;
				CLANG_WARN_OBJC_ROOT_CLASS = YES_ERROR;
				CLANG_WARN_RANGE_LOOP_ANALYSIS = YES;
				CLANG_WARN_STRICT_PROTOTYPES = YES;
				CLANG_WARN_SUSPICIOUS_MOVE = YES;
				CLANG_WARN_UNGUARDED_AVAILABILITY = YES_AGGRESSIVE;
				CLANG_WARN_UNREACHABLE_CODE = YES;
				CLANG_WARN__DUPLICATE_METHOD_MATCH = YES;
				CODE_SIGN_IDENTITY = "iPhone Developer";
				COPY_PHASE_STRIP = NO;
				DEBUG_INFORMATION_FORMAT = dwarf;
				ENABLE_STRICT_OBJC_MSGSEND = YES;
				ENABLE_TESTABILITY = YES;
				GCC_C_LANGUAGE_STANDARD = gnu11;
				GCC_DYNAMIC_NO_PIC = NO;
				GCC_NO_COMMON_BLOCKS = YES;
				GCC_OPTIMIZATION_LEVEL = 0;
				GCC_PREPROCESSOR_DEFINITIONS = (
					"DEBUG=1",
					"$(inherited)",
				);
				GCC_WARN_64_TO_32_BIT_CONVERSION = YES;
				GCC_WARN_ABOUT_RETURN_TYPE = YES_ERROR;
				GCC_WARN_UNDECLARED_SELECTOR = YES;
				GCC_WARN_UNINITIALIZED_AUTOS = YES_AGGRESSIVE;
				GCC_WARN_UNUSED_FUNCTION = YES;
				GCC_WARN_UNUSED_VARIABLE = YES;
				IPHONEOS_DEPLOYMENT_TARGET = 11.4;
				MTL_ENABLE_DEBUG_INFO = YES;
				ONLY_ACTIVE_ARCH = YES;
				SDKROOT = iphoneos;
				SWIFT_ACTIVE_COMPILATION_CONDITIONS = DEBUG;
				SWIFT_OPTIMIZATION_LEVEL = "-Onone";
			};
			name = Debug;
		};
		D788AA182157506E00F57932 /* Release */ = {
			isa = XCBuildConfiguration;
			buildSettings = {
				ALWAYS_SEARCH_USER_PATHS = NO;
				CLANG_ANALYZER_NONNULL = YES;
				CLANG_ANALYZER_NUMBER_OBJECT_CONVERSION = YES_AGGRESSIVE;
				CLANG_CXX_LANGUAGE_STANDARD = "gnu++14";
				CLANG_CXX_LIBRARY = "libc++";
				CLANG_ENABLE_MODULES = YES;
				CLANG_ENABLE_OBJC_ARC = YES;
				CLANG_ENABLE_OBJC_WEAK = YES;
				CLANG_WARN_BLOCK_CAPTURE_AUTORELEASING = YES;
				CLANG_WARN_BOOL_CONVERSION = YES;
				CLANG_WARN_COMMA = YES;
				CLANG_WARN_CONSTANT_CONVERSION = YES;
				CLANG_WARN_DEPRECATED_OBJC_IMPLEMENTATIONS = YES;
				CLANG_WARN_DIRECT_OBJC_ISA_USAGE = YES_ERROR;
				CLANG_WARN_DOCUMENTATION_COMMENTS = YES;
				CLANG_WARN_EMPTY_BODY = YES;
				CLANG_WARN_ENUM_CONVERSION = YES;
				CLANG_WARN_INFINITE_RECURSION = YES;
				CLANG_WARN_INT_CONVERSION = YES;
				CLANG_WARN_NON_LITERAL_NULL_CONVERSION = YES;
				CLANG_WARN_OBJC_IMPLICIT_RETAIN_SELF = YES;
				CLANG_WARN_OBJC_LITERAL_CONVERSION = YES;
				CLANG_WARN_OBJC_ROOT_CLASS = YES_ERROR;
				CLANG_WARN_RANGE_LOOP_ANALYSIS = YES;
				CLANG_WARN_STRICT_PROTOTYPES = YES;
				CLANG_WARN_SUSPICIOUS_MOVE = YES;
				CLANG_WARN_UNGUARDED_AVAILABILITY = YES_AGGRESSIVE;
				CLANG_WARN_UNREACHABLE_CODE = YES;
				CLANG_WARN__DUPLICATE_METHOD_MATCH = YES;
				CODE_SIGN_IDENTITY = "iPhone Developer";
				COPY_PHASE_STRIP = NO;
				DEBUG_INFORMATION_FORMAT = "dwarf-with-dsym";
				ENABLE_NS_ASSERTIONS = NO;
				ENABLE_STRICT_OBJC_MSGSEND = YES;
				GCC_C_LANGUAGE_STANDARD = gnu11;
				GCC_NO_COMMON_BLOCKS = YES;
				GCC_WARN_64_TO_32_BIT_CONVERSION = YES;
				GCC_WARN_ABOUT_RETURN_TYPE = YES_ERROR;
				GCC_WARN_UNDECLARED_SELECTOR = YES;
				GCC_WARN_UNINITIALIZED_AUTOS = YES_AGGRESSIVE;
				GCC_WARN_UNUSED_FUNCTION = YES;
				GCC_WARN_UNUSED_VARIABLE = YES;
				IPHONEOS_DEPLOYMENT_TARGET = 11.4;
				MTL_ENABLE_DEBUG_INFO = NO;
				SDKROOT = iphoneos;
				SWIFT_COMPILATION_MODE = wholemodule;
				SWIFT_OPTIMIZATION_LEVEL = "-O";
				VALIDATE_PRODUCT = YES;
			};
			name = Release;
		};
		D788AA1A2157506E00F57932 /* Debug */ = {
			isa = XCBuildConfiguration;
			buildSettings = {
				ASSETCATALOG_COMPILER_APPICON_NAME = AppIcon;
				CODE_SIGN_ENTITLEMENTS = JournalCloudKit2/JournalCloudKit2.entitlements;
				CODE_SIGN_STYLE = Automatic;
				DEVELOPMENT_TEAM = K2R548H5LT;
				INFOPLIST_FILE = JournalCloudKit2/Info.plist;
				IPHONEOS_DEPLOYMENT_TARGET = 12.0;
				LD_RUNPATH_SEARCH_PATHS = (
					"$(inherited)",
					"@executable_path/Frameworks",
				);
				PRODUCT_BUNDLE_IDENTIFIER = com.jasongoodney.JournalCloudKit2;
				PRODUCT_NAME = "$(TARGET_NAME)";
				SWIFT_VERSION = 4.0;
				TARGETED_DEVICE_FAMILY = "1,2";
			};
			name = Debug;
		};
		D788AA1B2157506E00F57932 /* Release */ = {
			isa = XCBuildConfiguration;
			buildSettings = {
				ASSETCATALOG_COMPILER_APPICON_NAME = AppIcon;
				CODE_SIGN_ENTITLEMENTS = JournalCloudKit2/JournalCloudKit2.entitlements;
				CODE_SIGN_STYLE = Automatic;
				DEVELOPMENT_TEAM = K2R548H5LT;
				INFOPLIST_FILE = JournalCloudKit2/Info.plist;
				IPHONEOS_DEPLOYMENT_TARGET = 12.0;
				LD_RUNPATH_SEARCH_PATHS = (
					"$(inherited)",
					"@executable_path/Frameworks",
				);
				PRODUCT_BUNDLE_IDENTIFIER = com.jasongoodney.JournalCloudKit2;
				PRODUCT_NAME = "$(TARGET_NAME)";
				SWIFT_VERSION = 4.0;
				TARGETED_DEVICE_FAMILY = "1,2";
			};
			name = Release;
		};
/* End XCBuildConfiguration section */

/* Begin XCConfigurationList section */
		D788AA022157506D00F57932 /* Build configuration list for PBXProject "JournalCloudKit2" */ = {
			isa = XCConfigurationList;
			buildConfigurations = (
				D788AA172157506E00F57932 /* Debug */,
				D788AA182157506E00F57932 /* Release */,
			);
			defaultConfigurationIsVisible = 0;
			defaultConfigurationName = Release;
		};
		D788AA192157506E00F57932 /* Build configuration list for PBXNativeTarget "JournalCloudKit2" */ = {
			isa = XCConfigurationList;
			buildConfigurations = (
				D788AA1A2157506E00F57932 /* Debug */,
				D788AA1B2157506E00F57932 /* Release */,
			);
			defaultConfigurationIsVisible = 0;
			defaultConfigurationName = Release;
		};
/* End XCConfigurationList section */
	};
	rootObject = D788A9FF2157506D00F57932 /* Project object */;
}
